
Microsoft Visual Studio Solution File, Format Version 12.00
# Visual Studio Version 16
VisualStudioVersion = 16.0.30717.126
MinimumVisualStudioVersion = 10.0.40219.1
Project("{FAE04EC0-301F-11D3-BF4B-00C04F79EFBC}") = "ScoreBoard", "ScoreBoard.csproj", "{9729316D-8B15-4803-B2F7-35B06459CA8A}"
EndProject
Global
	GlobalSection(SolutionConfigurationPlatforms) = preSolution
		Debug|Any CPU = Debug|Any CPU
		Release|Any CPU = Release|Any CPU
	EndGlobalSection
	GlobalSection(ProjectConfigurationPlatforms) = postSolution
		{9729316D-8B15-4803-B2F7-35B06459CA8A}.Debug|Any CPU.ActiveCfg = Debug|Any CPU
		{9729316D-8B15-4803-B2F7-35B06459CA8A}.Debug|Any CPU.Build.0 = Debug|Any CPU
		{9729316D-8B15-4803-B2F7-35B06459CA8A}.Release|Any CPU.ActiveCfg = Release|Any CPU
		{9729316D-8B15-4803-B2F7-35B06459CA8A}.Release|Any CPU.Build.0 = Release|Any CPU
	EndGlobalSection
	GlobalSection(SolutionProperties) = preSolution
		HideSolutionNode = FALSE
	EndGlobalSection
	GlobalSection(ExtensibilityGlobals) = postSolution
		SolutionGuid = {BD4538E5-AA56-43FF-AEC7-2FDAC994E310}
	EndGlobalSection
EndGlobal
